
Microsoft Visual Studio Solution File, Format Version 12.00
# Visual Studio 15
VisualStudioVersion = 15.0.26430.12
MinimumVisualStudioVersion = 10.0.40219.1
Project("{D954291E-2A0B-460D-934E-DC6B0785DB48}") = "XSampleButton", "XSampleButton\XSampleButton\XSampleButton.shproj", "{F308AFC0-8782-45A4-8D92-A6CF7172FAED}"
EndProject
Project("{FAE04EC0-301F-11D3-BF4B-00C04F79EFBC}") = "XSampleButton.Android", "XSampleButton\XSampleButton.Android\XSampleButton.Android.csproj", "{ABEFB1BD-C759-490B-BFE5-E825FD4791D7}"
EndProject
Project("{FAE04EC0-301F-11D3-BF4B-00C04F79EFBC}") = "XSampleButton.iOS", "XSampleButton\XSampleButton.iOS\XSampleButton.iOS.csproj", "{AC654DC0-7491-4079-B8C0-5AA65D2C0AA7}"
EndProject
Project("{FAE04EC0-301F-11D3-BF4B-00C04F79EFBC}") = "XSampleButton.UWP", "XSampleButton\XSampleButton.UWP\XSampleButton.UWP.csproj", "{0D8D6D79-17CC-4A5F-A67F-573CA7DB281B}"
EndProject
Global
	GlobalSection(SharedMSBuildProjectFiles) = preSolution
		XSampleButton\XSampleButton\XSampleButton.projitems*{abefb1bd-c759-490b-bfe5-e825fd4791d7}*SharedItemsImports = 4
		XSampleButton\XSampleButton\XSampleButton.projitems*{ac654dc0-7491-4079-b8c0-5aa65d2c0aa7}*SharedItemsImports = 4
		XSampleButton\XSampleButton\XSampleButton.projitems*{f308afc0-8782-45a4-8d92-a6cf7172faed}*SharedItemsImports = 13
	EndGlobalSection
	GlobalSection(SolutionConfigurationPlatforms) = preSolution
		Ad-Hoc|Any CPU = Ad-Hoc|Any CPU
		Ad-Hoc|ARM = Ad-Hoc|ARM
		Ad-Hoc|iPhone = Ad-Hoc|iPhone
		Ad-Hoc|iPhoneSimulator = Ad-Hoc|iPhoneSimulator
		Ad-Hoc|x64 = Ad-Hoc|x64
		Ad-Hoc|x86 = Ad-Hoc|x86
		AppStore|Any CPU = AppStore|Any CPU
		AppStore|ARM = AppStore|ARM
		AppStore|iPhone = AppStore|iPhone
		AppStore|iPhoneSimulator = AppStore|iPhoneSimulator
		AppStore|x64 = AppStore|x64
		AppStore|x86 = AppStore|x86
		Debug|Any CPU = Debug|Any CPU
		Debug|ARM = Debug|ARM
		Debug|iPhone = Debug|iPhone
		Debug|iPhoneSimulator = Debug|iPhoneSimulator
		Debug|x64 = Debug|x64
		Debug|x86 = Debug|x86
		Release|Any CPU = Release|Any CPU
		Release|ARM = Release|ARM
		Release|iPhone = Release|iPhone
		Release|iPhoneSimulator = Release|iPhoneSimulator
		Release|x64 = Release|x64
		Release|x86 = Release|x86
	EndGlobalSection
	GlobalSection(ProjectConfigurationPlatforms) = postSolution
		{ABEFB1BD-C759-490B-BFE5-E825FD4791D7}.Ad-Hoc|Any CPU.ActiveCfg = Release|Any CPU
		{ABEFB1BD-C759-490B-BFE5-E825FD4791D7}.Ad-Hoc|Any CPU.Build.0 = Release|Any CPU
		{ABEFB1BD-C759-490B-BFE5-E825FD4791D7}.Ad-Hoc|Any CPU.Deploy.0 = Release|Any CPU
		{ABEFB1BD-C759-490B-BFE5-E825FD4791D7}.Ad-Hoc|ARM.ActiveCfg = Release|Any CPU
		{ABEFB1BD-C759-490B-BFE5-E825FD4791D7}.Ad-Hoc|ARM.Build.0 = Release|Any CPU
		{ABEFB1BD-C759-490B-BFE5-E825FD4791D7}.Ad-Hoc|ARM.Deploy.0 = Release|Any CPU
		{ABEFB1BD-C759-490B-BFE5-E825FD4791D7}.Ad-Hoc|iPhone.ActiveCfg = Release|Any CPU
		{ABEFB1BD-C759-490B-BFE5-E825FD4791D7}.Ad-Hoc|iPhone.Build.0 = Release|Any CPU
		{ABEFB1BD-C759-490B-BFE5-E825FD4791D7}.Ad-Hoc|iPhone.Deploy.0 = Release|Any CPU
		{ABEFB1BD-C759-490B-BFE5-E825FD4791D7}.Ad-Hoc|iPhoneSimulator.ActiveCfg = Release|Any CPU
		{ABEFB1BD-C759-490B-BFE5-E825FD4791D7}.Ad-Hoc|iPhoneSimulator.Build.0 = Release|Any CPU
		{ABEFB1BD-C759-490B-BFE5-E825FD4791D7}.Ad-Hoc|iPhoneSimulator.Deploy.0 = Release|Any CPU
		{ABEFB1BD-C759-490B-BFE5-E825FD4791D7}.Ad-Hoc|x64.ActiveCfg = Release|Any CPU
		{ABEFB1BD-C759-490B-BFE5-E825FD4791D7}.Ad-Hoc|x64.Build.0 = Release|Any CPU
		{ABEFB1BD-C759-490B-BFE5-E825FD4791D7}.Ad-Hoc|x64.Deploy.0 = Release|Any CPU
		{ABEFB1BD-C759-490B-BFE5-E825FD4791D7}.Ad-Hoc|x86.ActiveCfg = Release|Any CPU
		{ABEFB1BD-C759-490B-BFE5-E825FD4791D7}.Ad-Hoc|x86.Build.0 = Release|Any CPU
		{ABEFB1BD-C759-490B-BFE5-E825FD4791D7}.Ad-Hoc|x86.Deploy.0 = Release|Any CPU
		{ABEFB1BD-C759-490B-BFE5-E825FD4791D7}.AppStore|Any CPU.ActiveCfg = Release|Any CPU
		{ABEFB1BD-C759-490B-BFE5-E825FD4791D7}.AppStore|Any CPU.Build.0 = Release|Any CPU
		{ABEFB1BD-C759-490B-BFE5-E825FD4791D7}.AppStore|Any CPU.Deploy.0 = Release|Any CPU
		{ABEFB1BD-C759-490B-BFE5-E825FD4791D7}.AppStore|ARM.ActiveCfg = Release|Any CPU
		{ABEFB1BD-C759-490B-BFE5-E825FD4791D7}.AppStore|ARM.Build.0 = Release|Any CPU
		{ABEFB1BD-C759-490B-BFE5-E825FD4791D7}.AppStore|ARM.Deploy.0 = Release|Any CPU
		{ABEFB1BD-C759-490B-BFE5-E825FD4791D7}.AppStore|iPhone.ActiveCfg = Release|Any CPU
		{ABEFB1BD-C759-490B-BFE5-E825FD4791D7}.AppStore|iPhone.Build.0 = Release|Any CPU
		{ABEFB1BD-C759-490B-BFE5-E825FD4791D7}.AppStore|iPhone.Deploy.0 = Release|Any CPU
		{ABEFB1BD-C759-490B-BFE5-E825FD4791D7}.AppStore|iPhoneSimulator.ActiveCfg = Release|Any CPU
		{ABEFB1BD-C759-490B-BFE5-E825FD4791D7}.AppStore|iPhoneSimulator.Build.0 = Release|Any CPU
		{ABEFB1BD-C759-490B-BFE5-E825FD4791D7}.AppStore|iPhoneSimulator.Deploy.0 = Release|Any CPU
		{ABEFB1BD-C759-490B-BFE5-E825FD4791D7}.AppStore|x64.ActiveCfg = Release|Any CPU
		{ABEFB1BD-C759-490B-BFE5-E825FD4791D7}.AppStore|x64.Build.0 = Release|Any CPU
		{ABEFB1BD-C759-490B-BFE5-E825FD4791D7}.AppStore|x64.Deploy.0 = Release|Any CPU
		{ABEFB1BD-C759-490B-BFE5-E825FD4791D7}.AppStore|x86.ActiveCfg = Release|Any CPU
		{ABEFB1BD-C759-490B-BFE5-E825FD4791D7}.AppStore|x86.Build.0 = Release|Any CPU
		{ABEFB1BD-C759-490B-BFE5-E825FD4791D7}.AppStore|x86.Deploy.0 = Release|Any CPU
		{ABEFB1BD-C759-490B-BFE5-E825FD4791D7}.Debug|Any CPU.ActiveCfg = Debug|Any CPU
		{ABEFB1BD-C759-490B-BFE5-E825FD4791D7}.Debug|Any CPU.Build.0 = Debug|Any CPU
		{ABEFB1BD-C759-490B-BFE5-E825FD4791D7}.Debug|Any CPU.Deploy.0 = Debug|Any CPU
		{ABEFB1BD-C759-490B-BFE5-E825FD4791D7}.Debug|ARM.ActiveCfg = Debug|Any CPU
		{ABEFB1BD-C759-490B-BFE5-E825FD4791D7}.Debug|ARM.Build.0 = Debug|Any CPU
		{ABEFB1BD-C759-490B-BFE5-E825FD4791D7}.Debug|ARM.Deploy.0 = Debug|Any CPU
		{ABEFB1BD-C759-490B-BFE5-E825FD4791D7}.Debug|iPhone.ActiveCfg = Debug|Any CPU
		{ABEFB1BD-C759-490B-BFE5-E825FD4791D7}.Debug|iPhone.Build.0 = Debug|Any CPU
		{ABEFB1BD-C759-490B-BFE5-E825FD4791D7}.Debug|iPhone.Deploy.0 = Debug|Any CPU
		{ABEFB1BD-C759-490B-BFE5-E825FD4791D7}.Debug|iPhoneSimulator.ActiveCfg = Debug|Any CPU
		{ABEFB1BD-C759-490B-BFE5-E825FD4791D7}.Debug|iPhoneSimulator.Build.0 = Debug|Any CPU
		{ABEFB1BD-C759-490B-BFE5-E825FD4791D7}.Debug|iPhoneSimulator.Deploy.0 = Debug|Any CPU
		{ABEFB1BD-C759-490B-BFE5-E825FD4791D7}.Debug|x64.ActiveCfg = Debug|Any CPU
		{ABEFB1BD-C759-490B-BFE5-E825FD4791D7}.Debug|x64.Build.0 = Debug|Any CPU
		{ABEFB1BD-C759-490B-BFE5-E825FD4791D7}.Debug|x64.Deploy.0 = Debug|Any CPU
		{ABEFB1BD-C759-490B-BFE5-E825FD4791D7}.Debug|x86.ActiveCfg = Debug|Any CPU
		{ABEFB1BD-C759-490B-BFE5-E825FD4791D7}.Debug|x86.Build.0 = Debug|Any CPU
		{ABEFB1BD-C759-490B-BFE5-E825FD4791D7}.Debug|x86.Deploy.0 = Debug|Any CPU
		{ABEFB1BD-C759-490B-BFE5-E825FD4791D7}.Release|Any CPU.ActiveCfg = Release|Any CPU
		{ABEFB1BD-C759-490B-BFE5-E825FD4791D7}.Release|Any CPU.Build.0 = Release|Any CPU
		{ABEFB1BD-C759-490B-BFE5-E825FD4791D7}.Release|Any CPU.Deploy.0 = Release|Any CPU
		{ABEFB1BD-C759-490B-BFE5-E825FD4791D7}.Release|ARM.ActiveCfg = Release|Any CPU
		{ABEFB1BD-C759-490B-BFE5-E825FD4791D7}.Release|ARM.Build.0 = Release|Any CPU
		{ABEFB1BD-C759-490B-BFE5-E825FD4791D7}.Release|ARM.Deploy.0 = Release|Any CPU
		{ABEFB1BD-C759-490B-BFE5-E825FD4791D7}.Release|iPhone.ActiveCfg = Release|Any CPU
		{ABEFB1BD-C759-490B-BFE5-E825FD4791D7}.Release|iPhone.Build.0 = Release|Any CPU
		{ABEFB1BD-C759-490B-BFE5-E825FD4791D7}.Release|iPhone.Deploy.0 = Release|Any CPU
		{ABEFB1BD-C759-490B-BFE5-E825FD4791D7}.Release|iPhoneSimulator.ActiveCfg = Release|Any CPU
		{ABEFB1BD-C759-490B-BFE5-E825FD4791D7}.Release|iPhoneSimulator.Build.0 = Release|Any CPU
		{ABEFB1BD-C759-490B-BFE5-E825FD4791D7}.Release|iPhoneSimulator.Deploy.0 = Release|Any CPU
		{ABEFB1BD-C759-490B-BFE5-E825FD4791D7}.Release|x64.ActiveCfg = Release|Any CPU
		{ABEFB1BD-C759-490B-BFE5-E825FD4791D7}.Release|x64.Build.0 = Release|Any CPU
		{ABEFB1BD-C759-490B-BFE5-E825FD4791D7}.Release|x64.Deploy.0 = Release|Any CPU
		{ABEFB1BD-C759-490B-BFE5-E825FD4791D7}.Release|x86.ActiveCfg = Release|Any CPU
		{ABEFB1BD-C759-490B-BFE5-E825FD4791D7}.Release|x86.Build.0 = Release|Any CPU
		{ABEFB1BD-C759-490B-BFE5-E825FD4791D7}.Release|x86.Deploy.0 = Release|Any CPU
		{AC654DC0-7491-4079-B8C0-5AA65D2C0AA7}.Ad-Hoc|Any CPU.ActiveCfg = Ad-Hoc|iPhone
		{AC654DC0-7491-4079-B8C0-5AA65D2C0AA7}.Ad-Hoc|ARM.ActiveCfg = Ad-Hoc|iPhone
		{AC654DC0-7491-4079-B8C0-5AA65D2C0AA7}.Ad-Hoc|iPhone.ActiveCfg = Ad-Hoc|iPhone
		{AC654DC0-7491-4079-B8C0-5AA65D2C0AA7}.Ad-Hoc|iPhone.Build.0 = Ad-Hoc|iPhone
		{AC654DC0-7491-4079-B8C0-5AA65D2C0AA7}.Ad-Hoc|iPhoneSimulator.ActiveCfg = Ad-Hoc|iPhoneSimulator
		{AC654DC0-7491-4079-B8C0-5AA65D2C0AA7}.Ad-Hoc|iPhoneSimulator.Build.0 = Ad-Hoc|iPhoneSimulator
		{AC654DC0-7491-4079-B8C0-5AA65D2C0AA7}.Ad-Hoc|x64.ActiveCfg = Ad-Hoc|iPhone
		{AC654DC0-7491-4079-B8C0-5AA65D2C0AA7}.Ad-Hoc|x86.ActiveCfg = Ad-Hoc|iPhone
		{AC654DC0-7491-4079-B8C0-5AA65D2C0AA7}.AppStore|Any CPU.ActiveCfg = AppStore|iPhone
		{AC654DC0-7491-4079-B8C0-5AA65D2C0AA7}.AppStore|ARM.ActiveCfg = AppStore|iPhone
		{AC654DC0-7491-4079-B8C0-5AA65D2C0AA7}.AppStore|iPhone.ActiveCfg = AppStore|iPhone
		{AC654DC0-7491-4079-B8C0-5AA65D2C0AA7}.AppStore|iPhone.Build.0 = AppStore|iPhone
		{AC654DC0-7491-4079-B8C0-5AA65D2C0AA7}.AppStore|iPhoneSimulator.ActiveCfg = AppStore|iPhoneSimulator
		{AC654DC0-7491-4079-B8C0-5AA65D2C0AA7}.AppStore|iPhoneSimulator.Build.0 = AppStore|iPhoneSimulator
		{AC654DC0-7491-4079-B8C0-5AA65D2C0AA7}.AppStore|x64.ActiveCfg = AppStore|iPhone
		{AC654DC0-7491-4079-B8C0-5AA65D2C0AA7}.AppStore|x86.ActiveCfg = AppStore|iPhone
		{AC654DC0-7491-4079-B8C0-5AA65D2C0AA7}.Debug|Any CPU.ActiveCfg = Debug|iPhone
		{AC654DC0-7491-4079-B8C0-5AA65D2C0AA7}.Debug|ARM.ActiveCfg = Debug|iPhone
		{AC654DC0-7491-4079-B8C0-5AA65D2C0AA7}.Debug|iPhone.ActiveCfg = Debug|iPhone
		{AC654DC0-7491-4079-B8C0-5AA65D2C0AA7}.Debug|iPhone.Build.0 = Debug|iPhone
		{AC654DC0-7491-4079-B8C0-5AA65D2C0AA7}.Debug|iPhoneSimulator.ActiveCfg = Debug|iPhoneSimulator
		{AC654DC0-7491-4079-B8C0-5AA65D2C0AA7}.Debug|iPhoneSimulator.Build.0 = Debug|iPhoneSimulator
		{AC654DC0-7491-4079-B8C0-5AA65D2C0AA7}.Debug|x64.ActiveCfg = Debug|iPhone
		{AC654DC0-7491-4079-B8C0-5AA65D2C0AA7}.Debug|x86.ActiveCfg = Debug|iPhone
		{AC654DC0-7491-4079-B8C0-5AA65D2C0AA7}.Release|Any CPU.ActiveCfg = Release|iPhone
		{AC654DC0-7491-4079-B8C0-5AA65D2C0AA7}.Release|ARM.ActiveCfg = Release|iPhone
		{AC654DC0-7491-4079-B8C0-5AA65D2C0AA7}.Release|iPhone.ActiveCfg = Release|iPhone
		{AC654DC0-7491-4079-B8C0-5AA65D2C0AA7}.Release|iPhone.Build.0 = Release|iPhone
		{AC654DC0-7491-4079-B8C0-5AA65D2C0AA7}.Release|iPhoneSimulator.ActiveCfg = Release|iPhoneSimulator
		{AC654DC0-7491-4079-B8C0-5AA65D2C0AA7}.Release|iPhoneSimulator.Build.0 = Release|iPhoneSimulator
		{AC654DC0-7491-4079-B8C0-5AA65D2C0AA7}.Release|x64.ActiveCfg = Release|iPhone
		{AC654DC0-7491-4079-B8C0-5AA65D2C0AA7}.Release|x86.ActiveCfg = Release|iPhone
		{0D8D6D79-17CC-4A5F-A67F-573CA7DB281B}.Ad-Hoc|Any CPU.ActiveCfg = Release|x86
		{0D8D6D79-17CC-4A5F-A67F-573CA7DB281B}.Ad-Hoc|Any CPU.Build.0 = Release|x86
		{0D8D6D79-17CC-4A5F-A67F-573CA7DB281B}.Ad-Hoc|Any CPU.Deploy.0 = Release|x86
		{0D8D6D79-17CC-4A5F-A67F-573CA7DB281B}.Ad-Hoc|ARM.ActiveCfg = Release|ARM
		{0D8D6D79-17CC-4A5F-A67F-573CA7DB281B}.Ad-Hoc|ARM.Build.0 = Release|ARM
		{0D8D6D79-17CC-4A5F-A67F-573CA7DB281B}.Ad-Hoc|ARM.Deploy.0 = Release|ARM
		{0D8D6D79-17CC-4A5F-A67F-573CA7DB281B}.Ad-Hoc|iPhone.ActiveCfg = Release|x86
		{0D8D6D79-17CC-4A5F-A67F-573CA7DB281B}.Ad-Hoc|iPhone.Build.0 = Release|x86
		{0D8D6D79-17CC-4A5F-A67F-573CA7DB281B}.Ad-Hoc|iPhone.Deploy.0 = Release|x86
		{0D8D6D79-17CC-4A5F-A67F-573CA7DB281B}.Ad-Hoc|iPhoneSimulator.ActiveCfg = Release|x86
		{0D8D6D79-17CC-4A5F-A67F-573CA7DB281B}.Ad-Hoc|iPhoneSimulator.Build.0 = Release|x86
		{0D8D6D79-17CC-4A5F-A67F-573CA7DB281B}.Ad-Hoc|iPhoneSimulator.Deploy.0 = Release|x86
		{0D8D6D79-17CC-4A5F-A67F-573CA7DB281B}.Ad-Hoc|x64.ActiveCfg = Release|x64
		{0D8D6D79-17CC-4A5F-A67F-573CA7DB281B}.Ad-Hoc|x64.Build.0 = Release|x64
		{0D8D6D79-17CC-4A5F-A67F-573CA7DB281B}.Ad-Hoc|x64.Deploy.0 = Release|x64
		{0D8D6D79-17CC-4A5F-A67F-573CA7DB281B}.Ad-Hoc|x86.ActiveCfg = Release|x86
		{0D8D6D79-17CC-4A5F-A67F-573CA7DB281B}.Ad-Hoc|x86.Build.0 = Release|x86
		{0D8D6D79-17CC-4A5F-A67F-573CA7DB281B}.Ad-Hoc|x86.Deploy.0 = Release|x86
		{0D8D6D79-17CC-4A5F-A67F-573CA7DB281B}.AppStore|Any CPU.ActiveCfg = Release|x86
		{0D8D6D79-17CC-4A5F-A67F-573CA7DB281B}.AppStore|Any CPU.Build.0 = Release|x86
		{0D8D6D79-17CC-4A5F-A67F-573CA7DB281B}.AppStore|Any CPU.Deploy.0 = Release|x86
		{0D8D6D79-17CC-4A5F-A67F-573CA7DB281B}.AppStore|ARM.ActiveCfg = Release|ARM
		{0D8D6D79-17CC-4A5F-A67F-573CA7DB281B}.AppStore|ARM.Build.0 = Release|ARM
		{0D8D6D79-17CC-4A5F-A67F-573CA7DB281B}.AppStore|ARM.Deploy.0 = Release|ARM
		{0D8D6D79-17CC-4A5F-A67F-573CA7DB281B}.AppStore|iPhone.ActiveCfg = Release|x86
		{0D8D6D79-17CC-4A5F-A67F-573CA7DB281B}.AppStore|iPhone.Build.0 = Release|x86
		{0D8D6D79-17CC-4A5F-A67F-573CA7DB281B}.AppStore|iPhone.Deploy.0 = Release|x86
		{0D8D6D79-17CC-4A5F-A67F-573CA7DB281B}.AppStore|iPhoneSimulator.ActiveCfg = Release|x86
		{0D8D6D79-17CC-4A5F-A67F-573CA7DB281B}.AppStore|iPhoneSimulator.Build.0 = Release|x86
		{0D8D6D79-17CC-4A5F-A67F-573CA7DB281B}.AppStore|iPhoneSimulator.Deploy.0 = Release|x86
		{0D8D6D79-17CC-4A5F-A67F-573CA7DB281B}.AppStore|x64.ActiveCfg = Release|x64
		{0D8D6D79-17CC-4A5F-A67F-573CA7DB281B}.AppStore|x64.Build.0 = Release|x64
		{0D8D6D79-17CC-4A5F-A67F-573CA7DB281B}.AppStore|x64.Deploy.0 = Release|x64
		{0D8D6D79-17CC-4A5F-A67F-573CA7DB281B}.AppStore|x86.ActiveCfg = Release|x86
		{0D8D6D79-17CC-4A5F-A67F-573CA7DB281B}.AppStore|x86.Build.0 = Release|x86
		{0D8D6D79-17CC-4A5F-A67F-573CA7DB281B}.AppStore|x86.Deploy.0 = Release|x86
		{0D8D6D79-17CC-4A5F-A67F-573CA7DB281B}.Debug|Any CPU.ActiveCfg = Debug|x86
		{0D8D6D79-17CC-4A5F-A67F-573CA7DB281B}.Debug|ARM.ActiveCfg = Debug|ARM
		{0D8D6D79-17CC-4A5F-A67F-573CA7DB281B}.Debug|ARM.Build.0 = Debug|ARM
		{0D8D6D79-17CC-4A5F-A67F-573CA7DB281B}.Debug|ARM.Deploy.0 = Debug|ARM
		{0D8D6D79-17CC-4A5F-A67F-573CA7DB281B}.Debug|iPhone.ActiveCfg = Debug|x86
		{0D8D6D79-17CC-4A5F-A67F-573CA7DB281B}.Debug|iPhoneSimulator.ActiveCfg = Debug|x86
		{0D8D6D79-17CC-4A5F-A67F-573CA7DB281B}.Debug|x64.ActiveCfg = Debug|x64
		{0D8D6D79-17CC-4A5F-A67F-573CA7DB281B}.Debug|x64.Build.0 = Debug|x64
		{0D8D6D79-17CC-4A5F-A67F-573CA7DB281B}.Debug|x64.Deploy.0 = Debug|x64
		{0D8D6D79-17CC-4A5F-A67F-573CA7DB281B}.Debug|x86.ActiveCfg = Debug|x86
		{0D8D6D79-17CC-4A5F-A67F-573CA7DB281B}.Debug|x86.Build.0 = Debug|x86
		{0D8D6D79-17CC-4A5F-A67F-573CA7DB281B}.Debug|x86.Deploy.0 = Debug|x86
		{0D8D6D79-17CC-4A5F-A67F-573CA7DB281B}.Release|Any CPU.ActiveCfg = Release|x86
		{0D8D6D79-17CC-4A5F-A67F-573CA7DB281B}.Release|ARM.ActiveCfg = Release|ARM
		{0D8D6D79-17CC-4A5F-A67F-573CA7DB281B}.Release|ARM.Build.0 = Release|ARM
		{0D8D6D79-17CC-4A5F-A67F-573CA7DB281B}.Release|ARM.Deploy.0 = Release|ARM
		{0D8D6D79-17CC-4A5F-A67F-573CA7DB281B}.Release|iPhone.ActiveCfg = Release|x86
		{0D8D6D79-17CC-4A5F-A67F-573CA7DB281B}.Release|iPhoneSimulator.ActiveCfg = Release|x86
		{0D8D6D79-17CC-4A5F-A67F-573CA7DB281B}.Release|x64.ActiveCfg = Release|x64
		{0D8D6D79-17CC-4A5F-A67F-573CA7DB281B}.Release|x64.Build.0 = Release|x64
		{0D8D6D79-17CC-4A5F-A67F-573CA7DB281B}.Release|x64.Deploy.0 = Release|x64
		{0D8D6D79-17CC-4A5F-A67F-573CA7DB281B}.Release|x86.ActiveCfg = Release|x86
		{0D8D6D79-17CC-4A5F-A67F-573CA7DB281B}.Release|x86.Build.0 = Release|x86
		{0D8D6D79-17CC-4A5F-A67F-573CA7DB281B}.Release|x86.Deploy.0 = Release|x86
	EndGlobalSection
	GlobalSection(SolutionProperties) = preSolution
		HideSolutionNode = FALSE
	EndGlobalSection
EndGlobal
